
Microsoft Visual Studio Solution File, Format Version 12.00
# Visual Studio Version 17
VisualStudioVersion = 17.1.32228.430
MinimumVisualStudioVersion = 10.0.40219.1
Project("{FAE04EC0-301F-11D3-BF4B-00C04F79EFBC}") = "UIT_Service1", "UITServices1\UIT_Service1.csproj", "{4C15DBCD-DECE-40F1-A4E9-0BBCB14E7D58}"
EndProject
Project("{FAE04EC0-301F-11D3-BF4B-00C04F79EFBC}") = "RUN_STOP_Service1", "UITServices2\RUN_STOP_Service1.csproj", "{0C3A4152-B32D-4EA2-8A69-9A5520BEB5CE}"
EndProject
Global
	GlobalSection(SolutionConfigurationPlatforms) = preSolution
		Debug|Any CPU = Debug|Any CPU
		Debug|x86 = Debug|x86
		Release|Any CPU = Release|Any CPU
		Release|x86 = Release|x86
	EndGlobalSection
	GlobalSection(ProjectConfigurationPlatforms) = postSolution
		{4C15DBCD-DECE-40F1-A4E9-0BBCB14E7D58}.Debug|Any CPU.ActiveCfg = Debug|Any CPU
		{4C15DBCD-DECE-40F1-A4E9-0BBCB14E7D58}.Debug|Any CPU.Build.0 = Debug|Any CPU
		{4C15DBCD-DECE-40F1-A4E9-0BBCB14E7D58}.Debug|x86.ActiveCfg = Debug|x86
		{4C15DBCD-DECE-40F1-A4E9-0BBCB14E7D58}.Debug|x86.Build.0 = Debug|x86
		{4C15DBCD-DECE-40F1-A4E9-0BBCB14E7D58}.Release|Any CPU.ActiveCfg = Release|Any CPU
		{4C15DBCD-DECE-40F1-A4E9-0BBCB14E7D58}.Release|Any CPU.Build.0 = Release|Any CPU
		{4C15DBCD-DECE-40F1-A4E9-0BBCB14E7D58}.Release|x86.ActiveCfg = Release|x86
		{4C15DBCD-DECE-40F1-A4E9-0BBCB14E7D58}.Release|x86.Build.0 = Release|x86
		{0C3A4152-B32D-4EA2-8A69-9A5520BEB5CE}.Debug|Any CPU.ActiveCfg = Debug|Any CPU
		{0C3A4152-B32D-4EA2-8A69-9A5520BEB5CE}.Debug|Any CPU.Build.0 = Debug|Any CPU
		{0C3A4152-B32D-4EA2-8A69-9A5520BEB5CE}.Debug|x86.ActiveCfg = Debug|Any CPU
		{0C3A4152-B32D-4EA2-8A69-9A5520BEB5CE}.Debug|x86.Build.0 = Debug|Any CPU
		{0C3A4152-B32D-4EA2-8A69-9A5520BEB5CE}.Release|Any CPU.ActiveCfg = Release|Any CPU
		{0C3A4152-B32D-4EA2-8A69-9A5520BEB5CE}.Release|Any CPU.Build.0 = Release|Any CPU
		{0C3A4152-B32D-4EA2-8A69-9A5520BEB5CE}.Release|x86.ActiveCfg = Release|Any CPU
		{0C3A4152-B32D-4EA2-8A69-9A5520BEB5CE}.Release|x86.Build.0 = Release|Any CPU
	EndGlobalSection
	GlobalSection(SolutionProperties) = preSolution
		HideSolutionNode = FALSE
	EndGlobalSection
	GlobalSection(ExtensibilityGlobals) = postSolution
		SolutionGuid = {ADAC2440-5B8A-4988-85E5-ECCB0ECFF96E}
	EndGlobalSection
EndGlobal
